
Microsoft Visual Studio Solution File, Format Version 12.00
# Visual Studio Version 16
VisualStudioVersion = 16.0.30309.148
MinimumVisualStudioVersion = 10.0.40219.1
Project("{FAE04EC0-301F-11D3-BF4B-00C04F79EFBC}") = "LanguageFeatures", "LanguageFeatures\LanguageFeatures.csproj", "{D0BF85AF-A327-499C-A4CD-D4B5C4D65486}"
EndProject
Global
	GlobalSection(SolutionConfigurationPlatforms) = preSolution
		Debug|Any CPU = Debug|Any CPU
		Release|Any CPU = Release|Any CPU
	EndGlobalSection
	GlobalSection(ProjectConfigurationPlatforms) = postSolution
		{D0BF85AF-A327-499C-A4CD-D4B5C4D65486}.Debug|Any CPU.ActiveCfg = Debug|Any CPU
		{D0BF85AF-A327-499C-A4CD-D4B5C4D65486}.Debug|Any CPU.Build.0 = Debug|Any CPU
		{D0BF85AF-A327-499C-A4CD-D4B5C4D65486}.Release|Any CPU.ActiveCfg = Release|Any CPU
		{D0BF85AF-A327-499C-A4CD-D4B5C4D65486}.Release|Any CPU.Build.0 = Release|Any CPU
	EndGlobalSection
	GlobalSection(SolutionProperties) = preSolution
		HideSolutionNode = FALSE
	EndGlobalSection
	GlobalSection(ExtensibilityGlobals) = postSolution
		SolutionGuid = {C487A335-5874-411B-B3AF-F80E55A71B3A}
	EndGlobalSection
EndGlobal
